PODS:
  - LB_OCR (0.0.1):
    - TesseractOCRiOS (= 4.0.0)
  - TesseractOCRiOS (4.0.0)

DEPENDENCIES:
  - LB_OCR (from `../`)

EXTERNAL SOURCES:
  LB_OCR:
    :path: ../

SPEC CHECKSUMS:
  LB_OCR: f8f333aa58866be96303487b650759c965cd25a5
  TesseractOCRiOS: 90638afbe43d082433f2e76b384c7901d23956df

PODFILE CHECKSUM: fb36ce8a6129396341a2b81688d185bd87bee624

COCOAPODS: 1.0.1
